// !$*UTF8*$!
{
	archiveVersion = 1;
	classes = {
	};
	objectVersion = 46;
	objects = {

/* Begin PBXBuildFile section */
		FF357B611DE1F9950092B3D1 /* TopDown.m in Sources */ = {isa = PBXBuildFile; fileRef = FF357B601DE1F9950092B3D1 /* TopDown.m */; };
		FF357B661DE21B6F0092B3D1 /* FrontOn.m in Sources */ = {isa = PBXBuildFile; fileRef = FF357B651DE21B6F0092B3D1 /* FrontOn.m */; };
		FF357B691DE21C300092B3D1 /* PointViewer.m in Sources */ = {isa = PBXBuildFile; fileRef = FF357B681DE21C300092B3D1 /* PointViewer.m */; };
		FF357B6F1DE394760092B3D1 /* main.m in Sources */ = {isa = PBXBuildFile; fileRef = FF357B6E1DE394760092B3D1 /* main.m */; };
		FF357B891DE39A630092B3D1 /* ORSSerial.framework in Frameworks */ = {isa = PBXBuildFile; fileRef = FF357B861DE399EE0092B3D1 /* ORSSerial.framework */; };
		FF9790AB1CC591D9002E99FF /* PleaseWait.xib in Resources */ = {isa = PBXBuildFile; fileRef = FF9790AA1CC591D9002E99FF /* PleaseWait.xib */; };
		FF9C79981CA1E80B004FF0F5 /* SerialControl.m in Sources */ = {isa = PBXBuildFile; fileRef = FF9C79971CA1E80B004FF0F5 /* SerialControl.m */; };
		FF9C79B11CA47802004FF0F5 /* Matrix33.m in Sources */ = {isa = PBXBuildFile; fileRef = FF9C79B01CA47802004FF0F5 /* Matrix33.m */; };
		FF9C79B61CA4B223004FF0F5 /* Vector3.m in Sources */ = {isa = PBXBuildFile; fileRef = FF9C79B51CA4B223004FF0F5 /* Vector3.m */; };
		FFAA6FFA1C5051E30059BC80 /* AppDelegate.m in Sources */ = {isa = PBXBuildFile; fileRef = FFAA6FF91C5051E30059BC80 /* AppDelegate.m */; };
		FFAA70021C5051E30059BC80 /* MainMenu.xib in Resources */ = {isa = PBXBuildFile; fileRef = FFAA70001C5051E30059BC80 /* MainMenu.xib */; };
		FFAA700A1C5052850059BC80 /* Assets.xcassets in Resources */ = {isa = PBXBuildFile; fileRef = FFAA70091C5052850059BC80 /* Assets.xcassets */; };
		FFAB93341C5D799F0075746D /* MainViewController.m in Sources */ = {isa = PBXBuildFile; fileRef = FFAB93321C5D799F0075746D /* MainViewController.m */; };
		FFAB93351C5D799F0075746D /* MainViewController.xib in Resources */ = {isa = PBXBuildFile; fileRef = FFAB93331C5D799F0075746D /* MainViewController.xib */; };
		FFE1B3C61CAB17F400B895E3 /* QLineStore.m in Sources */ = {isa = PBXBuildFile; fileRef = FFE1B3C51CAB17F400B895E3 /* QLineStore.m */; };
/* End PBXBuildFile section */

/* Begin PBXContainerItemProxy section */
		FF357B851DE399EE0092B3D1 /* PBXContainerItemProxy */ = {
			isa = PBXContainerItemProxy;
			containerPortal = FF357B801DE399EE0092B3D1 /* ORSSerialPort.xcodeproj */;
			proxyType = 2;
			remoteGlobalIDString = 9DCA89121A2BB106009285EB;
			remoteInfo = ORSSerial;
		};
		FF357B871DE399EE0092B3D1 /* PBXContainerItemProxy */ = {
			isa = PBXContainerItemProxy;
			containerPortal = FF357B801DE399EE0092B3D1 /* ORSSerialPort.xcodeproj */;
			proxyType = 2;
			remoteGlobalIDString = 9D7472131B6D7767002D8B10;
			remoteInfo = "ORSSerialPort Tests";
		};
/* End PBXContainerItemProxy section */

/* Begin PBXFileReference section */
		FF357B5F1DE1F9950092B3D1 /* TopDown.h */ = {isa = PBXFileReference; fileEncoding = 4; lastKnownFileType = sourcecode.c.h; path = TopDown.h; sourceTree = "<group>"; };
		FF357B601DE1F9950092B3D1 /* TopDown.m */ = {isa = PBXFileReference; fileEncoding = 4; lastKnownFileType = sourcecode.c.objc; path = TopDown.m; sourceTree = "<group>"; };
		FF357B641DE21B6F0092B3D1 /* FrontOn.h */ = {isa = PBXFileReference; fileEncoding = 4; lastKnownFileType = sourcecode.c.h; path = FrontOn.h; sourceTree = "<group>"; };
		FF357B651DE21B6F0092B3D1 /* FrontOn.m */ = {isa = PBXFileReference; fileEncoding = 4; lastKnownFileType = sourcecode.c.objc; path = FrontOn.m; sourceTree = "<group>"; };
		FF357B671DE21C300092B3D1 /* PointViewer.h */ = {isa = PBXFileReference; fileEncoding = 4; lastKnownFileType = sourcecode.c.h; path = PointViewer.h; sourceTree = "<group>"; };
		FF357B681DE21C300092B3D1 /* PointViewer.m */ = {isa = PBXFileReference; fileEncoding = 4; lastKnownFileType = sourcecode.c.objc; path = PointViewer.m; sourceTree = "<group>"; };
		FF357B6E1DE394760092B3D1 /* main.m */ = {isa = PBXFileReference; fileEncoding = 4; lastKnownFileType = sourcecode.c.objc; path = main.m; sourceTree = "<group>"; };
		FF357B801DE399EE0092B3D1 /* ORSSerialPort.xcodeproj */ = {isa = PBXFileReference; lastKnownFileType = "wrapper.pb-project"; name = ORSSerialPort.xcodeproj; path = "Frameworks/ORSSerialPort/Framework Project/ORSSerialPort.xcodeproj"; sourceTree = SOURCE_ROOT; };
		FF9790AA1CC591D9002E99FF /* PleaseWait.xib */ = {isa = PBXFileReference; fileEncoding = 4; lastKnownFileType = file.xib; path = PleaseWait.xib; sourceTree = "<group>"; };
		FF9C79961CA1E80B004FF0F5 /* SerialControl.h */ = {isa = PBXFileReference; fileEncoding = 4; lastKnownFileType = sourcecode.c.h; path = SerialControl.h; sourceTree = "<group>"; };
		FF9C79971CA1E80B004FF0F5 /* SerialControl.m */ = {isa = PBXFileReference; fileEncoding = 4; lastKnownFileType = sourcecode.c.objc; path = SerialControl.m; sourceTree = "<group>"; };
		FF9C79AF1CA47802004FF0F5 /* Matrix33.h */ = {isa = PBXFileReference; fileEncoding = 4; lastKnownFileType = sourcecode.c.h; path = Matrix33.h; sourceTree = "<group>"; };
		FF9C79B01CA47802004FF0F5 /* Matrix33.m */ = {isa = PBXFileReference; fileEncoding = 4; lastKnownFileType = sourcecode.c.objc; path = Matrix33.m; sourceTree = "<group>"; };
		FF9C79B41CA4B223004FF0F5 /* Vector3.h */ = {isa = PBXFileReference; fileEncoding = 4; lastKnownFileType = sourcecode.c.h; path = Vector3.h; sourceTree = "<group>"; };
		FF9C79B51CA4B223004FF0F5 /* Vector3.m */ = {isa = PBXFileReference; fileEncoding = 4; lastKnownFileType = sourcecode.c.objc; path = Vector3.m; sourceTree = "<group>"; };
		FFAA6FF51C5051E30059BC80 /* EDTracker-Mac.app */ = {isa = PBXFileReference; explicitFileType = wrapper.application; includeInIndex = 0; path = "EDTracker-Mac.app"; sourceTree = BUILT_PRODUCTS_DIR; };
		FFAA6FF81C5051E30059BC80 /* AppDelegate.h */ = {isa = PBXFileReference; lastKnownFileType = sourcecode.c.h; path = AppDelegate.h; sourceTree = "<group>"; };
		FFAA6FF91C5051E30059BC80 /* AppDelegate.m */ = {isa = PBXFileReference; lastKnownFileType = sourcecode.c.objc; path = AppDelegate.m; sourceTree = "<group>"; };
		FFAA70011C5051E30059BC80 /* Base */ = {isa = PBXFileReference; lastKnownFileType = file.xib; name = Base; path = Base.lproj/MainMenu.xib; sourceTree = "<group>"; };
		FFAA70031C5051E30059BC80 /* Info.plist */ = {isa = PBXFileReference; lastKnownFileType = text.plist.xml; path = Info.plist; sourceTree = "<group>"; };
		FFAA70091C5052850059BC80 /* Assets.xcassets */ = {isa = PBXFileReference; lastKnownFileType = folder.assetcatalog; path = Assets.xcassets; sourceTree = "<group>"; };
		FFAB93311C5D799F0075746D /* MainViewController.h */ = {isa = PBXFileReference; fileEncoding = 4; lastKnownFileType = sourcecode.c.h; path = MainViewController.h; sourceTree = "<group>"; };
		FFAB93321C5D799F0075746D /* MainViewController.m */ = {isa = PBXFileReference; fileEncoding = 4; lastKnownFileType = sourcecode.c.objc; path = MainViewController.m; sourceTree = "<group>"; };
		FFAB93331C5D799F0075746D /* MainViewController.xib */ = {isa = PBXFileReference; fileEncoding = 4; lastKnownFileType = file.xib; path = MainViewController.xib; sourceTree = "<group>"; };
		FFE1B3C41CAB17F400B895E3 /* QLineStore.h */ = {isa = PBXFileReference; fileEncoding = 4; lastKnownFileType = sourcecode.c.h; path = QLineStore.h; sourceTree = "<group>"; };
		FFE1B3C51CAB17F400B895E3 /* QLineStore.m */ = {isa = PBXFileReference; fileEncoding = 4; lastKnownFileType = sourcecode.c.objc; path = QLineStore.m; sourceTree = "<group>"; };
/* End PBXFileReference section */

/* Begin PBXFrameworksBuildPhase section */
		FFAA6FF21C5051E30059BC80 /* Frameworks */ = {
			isa = PBXFrameworksBuildPhase;
			buildActionMask = 2147483647;
			files = (
				FF357B891DE39A630092B3D1 /* ORSSerial.framework in Frameworks */,
			);
			runOnlyForDeploymentPostprocessing = 0;
		};
/* End PBXFrameworksBuildPhase section */

/* Begin PBXGroup section */
		FF357B811DE399EE0092B3D1 /* Products */ = {
			isa = PBXGroup;
			children = (
				FF357B861DE399EE0092B3D1 /* ORSSerial.framework */,
				FF357B881DE399EE0092B3D1 /* ORSSerialPort Tests.xctest */,
			);
			name = Products;
			sourceTree = "<group>";
		};
		FFAA6FEC1C5051E30059BC80 = {
			isa = PBXGroup;
			children = (
				FFAA6FF71C5051E30059BC80 /* EDTracker-Mac */,
				FFAA6FF61C5051E30059BC80 /* Products */,
			);
			sourceTree = "<group>";
		};
		FFAA6FF61C5051E30059BC80 /* Products */ = {
			isa = PBXGroup;
			children = (
				FFAA6FF51C5051E30059BC80 /* EDTracker-Mac.app */,
			);
			name = Products;
			sourceTree = "<group>";
		};
		FFAA6FF71C5051E30059BC80 /* EDTracker-Mac */ = {
			isa = PBXGroup;
			children = (
				FFAA6FF81C5051E30059BC80 /* AppDelegate.h */,
				FFAA6FF91C5051E30059BC80 /* AppDelegate.m */,
				FFAA70091C5052850059BC80 /* Assets.xcassets */,
				FFAA70001C5051E30059BC80 /* MainMenu.xib */,
				FFAA70031C5051E30059BC80 /* Info.plist */,
				FFAA6FFB1C5051E30059BC80 /* Supporting Files */,
				FFAB93311C5D799F0075746D /* MainViewController.h */,
				FFAB93321C5D799F0075746D /* MainViewController.m */,
				FFAB93331C5D799F0075746D /* MainViewController.xib */,
				FF9C79961CA1E80B004FF0F5 /* SerialControl.h */,
				FF9C79971CA1E80B004FF0F5 /* SerialControl.m */,
				FF9C79AF1CA47802004FF0F5 /* Matrix33.h */,
				FF9C79B01CA47802004FF0F5 /* Matrix33.m */,
				FF9C79B41CA4B223004FF0F5 /* Vector3.h */,
				FF9C79B51CA4B223004FF0F5 /* Vector3.m */,
				FFE1B3C41CAB17F400B895E3 /* QLineStore.h */,
				FFE1B3C51CAB17F400B895E3 /* QLineStore.m */,
				FF9790AA1CC591D9002E99FF /* PleaseWait.xib */,
				FF357B671DE21C300092B3D1 /* PointViewer.h */,
				FF357B681DE21C300092B3D1 /* PointViewer.m */,
				FF357B5F1DE1F9950092B3D1 /* TopDown.h */,
				FF357B601DE1F9950092B3D1 /* TopDown.m */,
				FF357B641DE21B6F0092B3D1 /* FrontOn.h */,
				FF357B651DE21B6F0092B3D1 /* FrontOn.m */,
			);
			path = "EDTracker-Mac";
			sourceTree = "<group>";
		};
		FFAA6FFB1C5051E30059BC80 /* Supporting Files */ = {
			isa = PBXGroup;
			children = (
				FF357B801DE399EE0092B3D1 /* ORSSerialPort.xcodeproj */,
				FF357B6E1DE394760092B3D1 /* main.m */,
			);
			name = "Supporting Files";
			sourceTree = "<group>";
		};
/* End PBXGroup section */

/* Begin PBXNativeTarget section */
		FFAA6FF41C5051E30059BC80 /* EDTracker-Mac */ = {
			isa = PBXNativeTarget;
			buildConfigurationList = FFAA70061C5051E30059BC80 /* Build configuration list for PBXNativeTarget "EDTracker-Mac" */;
			buildPhases = (
				FFAA6FF11C5051E30059BC80 /* Sources */,
				FFAA6FF21C5051E30059BC80 /* Frameworks */,
				FFAA6FF31C5051E30059BC80 /* Resources */,
			);
			buildRules = (
			);
			dependencies = (
			);
			name = "EDTracker-Mac";
			productName = "EDTracker-Mac";
			productReference = FFAA6FF51C5051E30059BC80 /* EDTracker-Mac.app */;
			productType = "com.apple.product-type.application";
		};
/* End PBXNativeTarget section */

/* Begin PBXProject section */
		FFAA6FED1C5051E30059BC80 /* Project object */ = {
			isa = PBXProject;
			attributes = {
				LastUpgradeCheck = 0810;
				ORGANIZATIONNAME = "D Henderson";
				TargetAttributes = {
					FFAA6FF41C5051E30059BC80 = {
						CreatedOnToolsVersion = 7.2;
					};
				};
			};
			buildConfigurationList = FFAA6FF01C5051E30059BC80 /* Build configuration list for PBXProject "EDTracker-Mac" */;
			compatibilityVersion = "Xcode 3.2";
			developmentRegion = English;
			hasScannedForEncodings = 0;
			knownRegions = (
				en,
				Base,
			);
			mainGroup = FFAA6FEC1C5051E30059BC80;
			productRefGroup = FFAA6FF61C5051E30059BC80 /* Products */;
			projectDirPath = "";
			projectReferences = (
				{
					ProductGroup = FF357B811DE399EE0092B3D1 /* Products */;
					ProjectRef = FF357B801DE399EE0092B3D1 /* ORSSerialPort.xcodeproj */;
				},
			);
			projectRoot = "";
			targets = (
				FFAA6FF41C5051E30059BC80 /* EDTracker-Mac */,
			);
		};
/* End PBXProject section */

/* Begin PBXReferenceProxy section */
		FF357B861DE399EE0092B3D1 /* ORSSerial.framework */ = {
			isa = PBXReferenceProxy;
			fileType = wrapper.framework;
			path = ORSSerial.framework;
			remoteRef = FF357B851DE399EE0092B3D1 /* PBXContainerItemProxy */;
			sourceTree = BUILT_PRODUCTS_DIR;
		};
		FF357B881DE399EE0092B3D1 /* ORSSerialPort Tests.xctest */ = {
			isa = PBXReferenceProxy;
			fileType = wrapper.cfbundle;
			path = "ORSSerialPort Tests.xctest";
			remoteRef = FF357B871DE399EE0092B3D1 /* PBXContainerItemProxy */;
			sourceTree = BUILT_PRODUCTS_DIR;
		};
/* End PBXReferenceProxy section */

/* Begin PBXResourcesBuildPhase section */
		FFAA6FF31C5051E30059BC80 /* Resources */ = {
			isa = PBXResourcesBuildPhase;
			buildActionMask = 2147483647;
			files = (
				FFAA700A1C5052850059BC80 /* Assets.xcassets in Resources */,
				FF9790AB1CC591D9002E99FF /* PleaseWait.xib in Resources */,
				FFAB93351C5D799F0075746D /* MainViewController.xib in Resources */,
				FFAA70021C5051E30059BC80 /* MainMenu.xib in Resources */,
			);
			runOnlyForDeploymentPostprocessing = 0;
		};
/* End PBXResourcesBuildPhase section */

/* Begin PBXSourcesBuildPhase section */
		FFAA6FF11C5051E30059BC80 /* Sources */ = {
			isa = PBXSourcesBuildPhase;
			buildActionMask = 2147483647;
			files = (
				FF357B6F1DE394760092B3D1 /* main.m in Sources */,
				FF9C79981CA1E80B004FF0F5 /* SerialControl.m in Sources */,
				FF9C79B61CA4B223004FF0F5 /* Vector3.m in Sources */,
				FF357B661DE21B6F0092B3D1 /* FrontOn.m in Sources */,
				FF357B691DE21C300092B3D1 /* PointViewer.m in Sources */,
				FFAA6FFA1C5051E30059BC80 /* AppDelegate.m in Sources */,
				FFAB93341C5D799F0075746D /* MainViewController.m in Sources */,
				FF9C79B11CA47802004FF0F5 /* Matrix33.m in Sources */,
				FFE1B3C61CAB17F400B895E3 /* QLineStore.m in Sources */,
				FF357B611DE1F9950092B3D1 /* TopDown.m in Sources */,
			);
			runOnlyForDeploymentPostprocessing = 0;
		};
/* End PBXSourcesBuildPhase section */

/* Begin PBXVariantGroup section */
		FFAA70001C5051E30059BC80 /* MainMenu.xib */ = {
			isa = PBXVariantGroup;
			children = (
				FFAA70011C5051E30059BC80 /* Base */,
			);
			name = MainMenu.xib;
			sourceTree = "<group>";
		};
/* End PBXVariantGroup section */

/* Begin XCBuildConfiguration section */
		FFAA70041C5051E30059BC80 /* Debug */ = {
			isa = XCBuildConfiguration;
			buildSettings = {
				ALWAYS_SEARCH_USER_PATHS = NO;
				CLANG_CXX_LANGUAGE_STANDARD = "gnu++0x";
				CLANG_CXX_LIBRARY = "libc++";
				CLANG_ENABLE_MODULES = YES;
				CLANG_ENABLE_OBJC_ARC = YES;
				CLANG_WARN_BOOL_CONVERSION = YES;
				CLANG_WARN_CONSTANT_CONVERSION = YES;
				CLANG_WARN_DIRECT_OBJC_ISA_USAGE = YES_ERROR;
				CLANG_WARN_EMPTY_BODY = YES;
				CLANG_WARN_ENUM_CONVERSION = YES;
				CLANG_WARN_INFINITE_RECURSION = YES;
				CLANG_WARN_INT_CONVERSION = YES;
				CLANG_WARN_OBJC_ROOT_CLASS = YES_ERROR;
				CLANG_WARN_SUSPICIOUS_MOVE = YES;
				CLANG_WARN_UNREACHABLE_CODE = YES;
				CLANG_WARN__DUPLICATE_METHOD_MATCH = YES;
				CODE_SIGN_IDENTITY = "-";
				COPY_PHASE_STRIP = NO;
				DEBUG_INFORMATION_FORMAT = dwarf;
				ENABLE_STRICT_OBJC_MSGSEND = YES;
				ENABLE_TESTABILITY = YES;
				GCC_C_LANGUAGE_STANDARD = gnu99;
				GCC_DYNAMIC_NO_PIC = NO;
				GCC_NO_COMMON_BLOCKS = YES;
				GCC_OPTIMIZATION_LEVEL = 0;
				GCC_PREPROCESSOR_DEFINITIONS = (
					"DEBUG=1",
					"$(inherited)",
				);
				GCC_WARN_64_TO_32_BIT_CONVERSION = YES;
				GCC_WARN_ABOUT_RETURN_TYPE = YES_ERROR;
				GCC_WARN_UNDECLARED_SELECTOR = YES;
				GCC_WARN_UNINITIALIZED_AUTOS = YES_AGGRESSIVE;
				GCC_WARN_UNUSED_FUNCTION = YES;
				GCC_WARN_UNUSED_VARIABLE = YES;
				MACOSX_DEPLOYMENT_TARGET = 10.7;
				MTL_ENABLE_DEBUG_INFO = YES;
				ONLY_ACTIVE_ARCH = YES;
				SDKROOT = macosx;
			};
			name = Debug;
		};
		FFAA70051C5051E30059BC80 /* Release */ = {
			isa = XCBuildConfiguration;
			buildSettings = {
				ALWAYS_SEARCH_USER_PATHS = NO;
				CLANG_CXX_LANGUAGE_STANDARD = "gnu++0x";
				CLANG_CXX_LIBRARY = "libc++";
				CLANG_ENABLE_MODULES = YES;
				CLANG_ENABLE_OBJC_ARC = YES;
				CLANG_WARN_BOOL_CONVERSION = YES;
				CLANG_WARN_CONSTANT_CONVERSION = YES;
				CLANG_WARN_DIRECT_OBJC_ISA_USAGE = YES_ERROR;
				CLANG_WARN_EMPTY_BODY = YES;
				CLANG_WARN_ENUM_CONVERSION = YES;
				CLANG_WARN_INFINITE_RECURSION = YES;
				CLANG_WARN_INT_CONVERSION = YES;
				CLANG_WARN_OBJC_ROOT_CLASS = YES_ERROR;
				CLANG_WARN_SUSPICIOUS_MOVE = YES;
				CLANG_WARN_UNREACHABLE_CODE = YES;
				CLANG_WARN__DUPLICATE_METHOD_MATCH = YES;
				CODE_SIGN_IDENTITY = "-";
				COPY_PHASE_STRIP = NO;
				DEBUG_INFORMATION_FORMAT = "dwarf-with-dsym";
				ENABLE_NS_ASSERTIONS = NO;
				ENABLE_STRICT_OBJC_MSGSEND = YES;
				GCC_C_LANGUAGE_STANDARD = gnu99;
				GCC_NO_COMMON_BLOCKS = YES;
				GCC_WARN_64_TO_32_BIT_CONVERSION = YES;
				GCC_WARN_ABOUT_RETURN_TYPE = YES_ERROR;
				GCC_WARN_UNDECLARED_SELECTOR = YES;
				GCC_WARN_UNINITIALIZED_AUTOS = YES_AGGRESSIVE;
				GCC_WARN_UNUSED_FUNCTION = YES;
				GCC_WARN_UNUSED_VARIABLE = YES;
				MACOSX_DEPLOYMENT_TARGET = 10.7;
				MTL_ENABLE_DEBUG_INFO = NO;
				ONLY_ACTIVE_ARCH = YES;
				SDKROOT = macosx;
			};
			name = Release;
		};
		FFAA70071C5051E30059BC80 /* Debug */ = {
			isa = XCBuildConfiguration;
			buildSettings = {
				ASSETCATALOG_COMPILER_APPICON_NAME = AppIcon;
				COMBINE_HIDPI_IMAGES = YES;
				INFOPLIST_FILE = "EDTracker-Mac/Info.plist";
				INSTALL_PATH = "$(USER_APPS_DIR)";
				LD_RUNPATH_SEARCH_PATHS = "$(inherited) @executable_path/../Frameworks";
				MACOSX_DEPLOYMENT_TARGET = 10.7;
				PRODUCT_BUNDLE_IDENTIFIER = "uk.org.aibs.EDTracker-Mac";
				PRODUCT_NAME = "$(TARGET_NAME)";
			};
			name = Debug;
		};
		FFAA70081C5051E30059BC80 /* Release */ = {
			isa = XCBuildConfiguration;
			buildSettings = {
				ASSETCATALOG_COMPILER_APPICON_NAME = AppIcon;
				COMBINE_HIDPI_IMAGES = YES;
				INFOPLIST_FILE = "EDTracker-Mac/Info.plist";
				INSTALL_PATH = "$(USER_APPS_DIR)";
				LD_RUNPATH_SEARCH_PATHS = "$(inherited) @executable_path/../Frameworks";
				MACOSX_DEPLOYMENT_TARGET = 10.7;
				PRODUCT_BUNDLE_IDENTIFIER = "uk.org.aibs.EDTracker-Mac";
				PRODUCT_NAME = "$(TARGET_NAME)";
			};
			name = Release;
		};
/* End XCBuildConfiguration section */

/* Begin XCConfigurationList section */
		FFAA6FF01C5051E30059BC80 /* Build configuration list for PBXProject "EDTracker-Mac" */ = {
			isa = XCConfigurationList;
			buildConfigurations = (
				FFAA70041C5051E30059BC80 /* Debug */,
				FFAA70051C5051E30059BC80 /* Release */,
			);
			defaultConfigurationIsVisible = 0;
			defaultConfigurationName = Release;
		};
		FFAA70061C5051E30059BC80 /* Build configuration list for PBXNativeTarget "EDTracker-Mac" */ = {
			isa = XCConfigurationList;
			buildConfigurations = (
				FFAA70071C5051E30059BC80 /* Debug */,
				FFAA70081C5051E30059BC80 /* Release */,
			);
			defaultConfigurationIsVisible = 0;
			defaultConfigurationName = Release;
		};
/* End XCConfigurationList section */
	};
	rootObject = FFAA6FED1C5051E30059BC80 /* Project object */;
}
